Microsoft Visual Studio Solution File, Format Version 12.00
# Visual Studio Version 17
VisualStudioVersion = 17.5.2.0
MinimumVisualStudioVersion = 10.0.40219.1
Project("{FAE04EC0-301F-11D3-BF4B-00C04F79EFBC}") = "adminPage", "adminPage.csproj", "{31B721E8-6E22-404C-132B-FB9AF827AFFC}"
EndProject
Global
	GlobalSection(SolutionConfigurationPlatforms) = preSolution
		Debug|Any CPU = Debug|Any CPU
		Release|Any CPU = Release|Any CPU
	EndGlobalSection
	GlobalSection(ProjectConfigurationPlatforms) = postSolution
		{31B721E8-6E22-404C-132B-FB9AF827AFFC}.Debug|Any CPU.ActiveCfg = Debug|Any CPU
		{31B721E8-6E22-404C-132B-FB9AF827AFFC}.Debug|Any CPU.Build.0 = Debug|Any CPU
		{31B721E8-6E22-404C-132B-FB9AF827AFFC}.Release|Any CPU.ActiveCfg = Release|Any CPU
		{31B721E8-6E22-404C-132B-FB9AF827AFFC}.Release|Any CPU.Build.0 = Release|Any CPU
	EndGlobalSection
	GlobalSection(SolutionProperties) = preSolution
		HideSolutionNode = FALSE
	EndGlobalSection
	GlobalSection(ExtensibilityGlobals) = postSolution
		SolutionGuid = {6B2A9CCF-E9F0-4E1A-95AB-09E9AC432511}
	EndGlobalSection
EndGlobal
